
Microsoft Visual Studio Solution File, Format Version 12.00
# Visual Studio Version 16
VisualStudioVersion = 16.0.31729.503
MinimumVisualStudioVersion = 10.0.40219.1
Project("{FAE04EC0-301F-11D3-BF4B-00C04F79EFBC}") = "fibonacci", "fibonacci\fibonacci.csproj", "{E221FCF8-444C-4579-9AE3-3DF008C2E041}"
EndProject
Global
	GlobalSection(SolutionConfigurationPlatforms) = preSolution
		Debug|Any CPU = Debug|Any CPU
		Release|Any CPU = Release|Any CPU
	EndGlobalSection
	GlobalSection(ProjectConfigurationPlatforms) = postSolution
		{E221FCF8-444C-4579-9AE3-3DF008C2E041}.Debug|Any CPU.ActiveCfg = Debug|Any CPU
		{E221FCF8-444C-4579-9AE3-3DF008C2E041}.Debug|Any CPU.Build.0 = Debug|Any CPU
		{E221FCF8-444C-4579-9AE3-3DF008C2E041}.Release|Any CPU.ActiveCfg = Release|Any CPU
		{E221FCF8-444C-4579-9AE3-3DF008C2E041}.Release|Any CPU.Build.0 = Release|Any CPU
	EndGlobalSection
	GlobalSection(SolutionProperties) = preSolution
		HideSolutionNode = FALSE
	EndGlobalSection
	GlobalSection(ExtensibilityGlobals) = postSolution
		SolutionGuid = {EEC56A9B-B3D1-4A89-9595-311D55F36350}
	EndGlobalSection
EndGlobal
