
Microsoft Visual Studio Solution File, Format Version 12.00
# Visual Studio Version 16
VisualStudioVersion = 16.0.31729.503
MinimumVisualStudioVersion = 10.0.40219.1
Project("{FAE04EC0-301F-11D3-BF4B-00C04F79EFBC}") = "hesapmakinası", "hesapmakinası\hesapmakinası.csproj", "{7310FAB2-5DA5-464B-A25E-8DC9CA038D02}"
EndProject
Global
	GlobalSection(SolutionConfigurationPlatforms) = preSolution
		Debug|Any CPU = Debug|Any CPU
		Release|Any CPU = Release|Any CPU
	EndGlobalSection
	GlobalSection(ProjectConfigurationPlatforms) = postSolution
		{7310FAB2-5DA5-464B-A25E-8DC9CA038D02}.Debug|Any CPU.ActiveCfg = Debug|Any CPU
		{7310FAB2-5DA5-464B-A25E-8DC9CA038D02}.Debug|Any CPU.Build.0 = Debug|Any CPU
		{7310FAB2-5DA5-464B-A25E-8DC9CA038D02}.Release|Any CPU.ActiveCfg = Release|Any CPU
		{7310FAB2-5DA5-464B-A25E-8DC9CA038D02}.Release|Any CPU.Build.0 = Release|Any CPU
	EndGlobalSection
	GlobalSection(SolutionProperties) = preSolution
		HideSolutionNode = FALSE
	EndGlobalSection
	GlobalSection(ExtensibilityGlobals) = postSolution
		SolutionGuid = {0A51F1F1-FF59-4526-99D8-396590036164}
	EndGlobalSection
EndGlobal
