
Microsoft Visual Studio Solution File, Format Version 12.00
# Visual Studio Version 16
VisualStudioVersion = 16.0.31729.503
MinimumVisualStudioVersion = 10.0.40219.1
Project("{FAE04EC0-301F-11D3-BF4B-00C04F79EFBC}") = "miniatm", "miniatm\miniatm.csproj", "{239D0291-BDFE-4798-8724-01DC09DDC899}"
EndProject
Global
	GlobalSection(SolutionConfigurationPlatforms) = preSolution
		Debug|Any CPU = Debug|Any CPU
		Release|Any CPU = Release|Any CPU
	EndGlobalSection
	GlobalSection(ProjectConfigurationPlatforms) = postSolution
		{239D0291-BDFE-4798-8724-01DC09DDC899}.Debug|Any CPU.ActiveCfg = Debug|Any CPU
		{239D0291-BDFE-4798-8724-01DC09DDC899}.Debug|Any CPU.Build.0 = Debug|Any CPU
		{239D0291-BDFE-4798-8724-01DC09DDC899}.Release|Any CPU.ActiveCfg = Release|Any CPU
		{239D0291-BDFE-4798-8724-01DC09DDC899}.Release|Any CPU.Build.0 = Release|Any CPU
	EndGlobalSection
	GlobalSection(SolutionProperties) = preSolution
		HideSolutionNode = FALSE
	EndGlobalSection
	GlobalSection(ExtensibilityGlobals) = postSolution
		SolutionGuid = {4D5495CE-CBE1-443D-8AA6-85FB86F1C62C}
	EndGlobalSection
EndGlobal
